
Microsoft Visual Studio Solution File, Format Version 12.00
Project("{2150E333-8FDC-42A3-9474-1A3956D46DE8}") = "Server", "Server", "{00E52CF2-77F6-4C9D-8194-CB1B4CBC3620}"
EndProject
Project("{FAE04EC0-301F-11D3-BF4B-00C04F79EFBC}") = "Entities", "Entities\Entities.csproj", "{5B1BF2C2-3A07-4746-AC55-C5A982E43710}"
EndProject
Project("{FAE04EC0-301F-11D3-BF4B-00C04F79EFBC}") = "RepositoryContracts", "RepositoryContracts\RepositoryContracts.csproj", "{E824338A-6384-499A-B14D-97522DF7B494}"
EndProject
Project("{FAE04EC0-301F-11D3-BF4B-00C04F79EFBC}") = "InMemoryRepositories", "InMemoryRepositories\InMemoryRepositories.csproj", "{7682B54B-B2F5-40EC-AB17-5488B11CF343}"
EndProject
Project("{FAE04EC0-301F-11D3-BF4B-00C04F79EFBC}") = "CLI", "CLI\CLI.csproj", "{3DD5E163-F43C-4C5F-9E6C-CA84437A208E}"
EndProject
Project("{FAE04EC0-301F-11D3-BF4B-00C04F79EFBC}") = "FileRepositories", "FileRepositories\FileRepositories.csproj", "{B568D1F5-4419-4FB6-B595-83E4B9A8B88F}"
EndProject
Project("{2150E333-8FDC-42A3-9474-1A3956D46DE8}") = "Shared", "Shared", "{022BA862-A729-4EBD-9705-61D58329E59F}"
EndProject
Project("{FAE04EC0-301F-11D3-BF4B-00C04F79EFBC}") = "ApiContracts", "ApiContracts\ApiContracts.csproj", "{2BAC6AD7-271E-451D-ABAE-1090BA177C24}"
EndProject
Project("{FAE04EC0-301F-11D3-BF4B-00C04F79EFBC}") = "WebApi", "WebApi\WebApi.csproj", "{AAE32E6D-4E9D-4F01-BF3C-D4EC79A5E9E9}"
EndProject
Global
	GlobalSection(SolutionConfigurationPlatforms) = preSolution
		Debug|Any CPU = Debug|Any CPU
		Release|Any CPU = Release|Any CPU
	EndGlobalSection
	GlobalSection(ProjectConfigurationPlatforms) = postSolution
		{5B1BF2C2-3A07-4746-AC55-C5A982E43710}.Debug|Any CPU.ActiveCfg = Debug|Any CPU
		{5B1BF2C2-3A07-4746-AC55-C5A982E43710}.Debug|Any CPU.Build.0 = Debug|Any CPU
		{5B1BF2C2-3A07-4746-AC55-C5A982E43710}.Release|Any CPU.ActiveCfg = Release|Any CPU
		{5B1BF2C2-3A07-4746-AC55-C5A982E43710}.Release|Any CPU.Build.0 = Release|Any CPU
		{E824338A-6384-499A-B14D-97522DF7B494}.Debug|Any CPU.ActiveCfg = Debug|Any CPU
		{E824338A-6384-499A-B14D-97522DF7B494}.Debug|Any CPU.Build.0 = Debug|Any CPU
		{E824338A-6384-499A-B14D-97522DF7B494}.Release|Any CPU.ActiveCfg = Release|Any CPU
		{E824338A-6384-499A-B14D-97522DF7B494}.Release|Any CPU.Build.0 = Release|Any CPU
		{7682B54B-B2F5-40EC-AB17-5488B11CF343}.Debug|Any CPU.ActiveCfg = Debug|Any CPU
		{7682B54B-B2F5-40EC-AB17-5488B11CF343}.Debug|Any CPU.Build.0 = Debug|Any CPU
		{7682B54B-B2F5-40EC-AB17-5488B11CF343}.Release|Any CPU.ActiveCfg = Release|Any CPU
		{7682B54B-B2F5-40EC-AB17-5488B11CF343}.Release|Any CPU.Build.0 = Release|Any CPU
		{3DD5E163-F43C-4C5F-9E6C-CA84437A208E}.Debug|Any CPU.ActiveCfg = Debug|Any CPU
		{3DD5E163-F43C-4C5F-9E6C-CA84437A208E}.Debug|Any CPU.Build.0 = Debug|Any CPU
		{3DD5E163-F43C-4C5F-9E6C-CA84437A208E}.Release|Any CPU.ActiveCfg = Release|Any CPU
		{3DD5E163-F43C-4C5F-9E6C-CA84437A208E}.Release|Any CPU.Build.0 = Release|Any CPU
		{B568D1F5-4419-4FB6-B595-83E4B9A8B88F}.Debug|Any CPU.ActiveCfg = Debug|Any CPU
		{B568D1F5-4419-4FB6-B595-83E4B9A8B88F}.Debug|Any CPU.Build.0 = Debug|Any CPU
		{B568D1F5-4419-4FB6-B595-83E4B9A8B88F}.Release|Any CPU.ActiveCfg = Release|Any CPU
		{B568D1F5-4419-4FB6-B595-83E4B9A8B88F}.Release|Any CPU.Build.0 = Release|Any CPU
		{2BAC6AD7-271E-451D-ABAE-1090BA177C24}.Debug|Any CPU.ActiveCfg = Debug|Any CPU
		{2BAC6AD7-271E-451D-ABAE-1090BA177C24}.Debug|Any CPU.Build.0 = Debug|Any CPU
		{2BAC6AD7-271E-451D-ABAE-1090BA177C24}.Release|Any CPU.ActiveCfg = Release|Any CPU
		{2BAC6AD7-271E-451D-ABAE-1090BA177C24}.Release|Any CPU.Build.0 = Release|Any CPU
		{AAE32E6D-4E9D-4F01-BF3C-D4EC79A5E9E9}.Debug|Any CPU.ActiveCfg = Debug|Any CPU
		{AAE32E6D-4E9D-4F01-BF3C-D4EC79A5E9E9}.Debug|Any CPU.Build.0 = Debug|Any CPU
		{AAE32E6D-4E9D-4F01-BF3C-D4EC79A5E9E9}.Release|Any CPU.ActiveCfg = Release|Any CPU
		{AAE32E6D-4E9D-4F01-BF3C-D4EC79A5E9E9}.Release|Any CPU.Build.0 = Release|Any CPU
	EndGlobalSection
	GlobalSection(NestedProjects) = preSolution
		{5B1BF2C2-3A07-4746-AC55-C5A982E43710} = {00E52CF2-77F6-4C9D-8194-CB1B4CBC3620}
		{E824338A-6384-499A-B14D-97522DF7B494} = {00E52CF2-77F6-4C9D-8194-CB1B4CBC3620}
		{7682B54B-B2F5-40EC-AB17-5488B11CF343} = {00E52CF2-77F6-4C9D-8194-CB1B4CBC3620}
		{3DD5E163-F43C-4C5F-9E6C-CA84437A208E} = {00E52CF2-77F6-4C9D-8194-CB1B4CBC3620}
		{B568D1F5-4419-4FB6-B595-83E4B9A8B88F} = {00E52CF2-77F6-4C9D-8194-CB1B4CBC3620}
		{2BAC6AD7-271E-451D-ABAE-1090BA177C24} = {022BA862-A729-4EBD-9705-61D58329E59F}
		{AAE32E6D-4E9D-4F01-BF3C-D4EC79A5E9E9} = {00E52CF2-77F6-4C9D-8194-CB1B4CBC3620}
	EndGlobalSection
EndGlobal
